PATH
  remote: .
  specs:
    docwatch-bin (2.5.0)
      colorize (~> 0.8.1)
      docopt (~> 0.6.1)
      json (~> 2.7)
      nokogiri (~> 1.10)
      redcarpet (~> 3.5)
      rouge (~> 4.0)
      toml-rb (~> 3.0)

GEM
  remote: https://rubygems.org/
  specs:
    citrus (3.0.2)
    colorize (0.8.1)
    diff-lcs (1.6.2)
    docile (1.4.1)
    docopt (0.6.1)
    json (2.19.4)
    mini_portile2 (2.8.9)
    nokogiri (1.19.2)
      mini_portile2 (~> 2.8.2)
      racc (~> 1.4)
    ostruct (0.6.3)
    racc (1.8.1)
    rake (13.4.2)
    redcarpet (3.6.1)
    rouge (4.7.0)
    rspec (3.13.2)
      rspec-core (~> 3.13.0)
      rspec-expectations (~> 3.13.0)
      rspec-mocks (~> 3.13.0)
    rspec-core (3.13.6)
      rspec-support (~> 3.13.0)
    rspec-expectations (3.13.5)
      diff-lcs (>= 1.2.0, < 2.0)
      rspec-support (~> 3.13.0)
    rspec-mocks (3.13.8)
      diff-lcs (>= 1.2.0, < 2.0)
      rspec-support (~> 3.13.0)
    rspec-support (3.13.7)
    simplecov (0.22.0)
      docile (~> 1.1)
      simplecov-html (~> 0.11)
      simplecov_json_formatter (~> 0.1)
    simplecov-html (0.13.2)
    simplecov_json_formatter (0.1.4)
    toml-rb (3.0.1)
      citrus (~> 3.0, > 3.0)
      racc (~> 1.7)

PLATFORMS
  ruby

DEPENDENCIES
  docwatch-bin!
  ostruct (~> 0.6.3)
  rake (~> 13.0)
  rspec (~> 3.8)
  simplecov (~> 0)

BUNDLED WITH
   2.5.4
